
Microsoft Visual Studio Solution File, Format Version 12.00
# Visual Studio Version 17
VisualStudioVersion = 17.14.36623.8
MinimumVisualStudioVersion = 10.0.40219.1
Project("{FAE04EC0-301F-11D3-BF4B-00C04F79EFBC}") = "ASC.Business", "ASC.Business\ASC.Business.csproj", "{9A9C3EAE-3F12-422A-B60B-DD81E0F9296C}"
EndProject
Project("{FAE04EC0-301F-11D3-BF4B-00C04F79EFBC}") = "ASC.DataAccess", "ASC.DataAccess\ASC.DataAccess.csproj", "{0FA4810B-CD66-4D82-9CF1-C59AF560BF49}"
EndProject
Project("{FAE04EC0-301F-11D3-BF4B-00C04F79EFBC}") = "ASC.Utilities", "ASC.Utilities\ASC.Utilities.csproj", "{6E05F0F9-BBEB-4661-B667-26EA514171FE}"
EndProject
Project("{FAE04EC0-301F-11D3-BF4B-00C04F79EFBC}") = "ASC.Model", "ASC.Model\ASC.Model.csproj", "{7D5997E1-7181-4009-AD4D-EFD4750374EF}"
EndProject
Project("{FAE04EC0-301F-11D3-BF4B-00C04F79EFBC}") = "ASC.Web", "ASC.Web\ASC.Web.csproj", "{828BEB74-77D7-9B4F-A91B-7908F4D7FC99}"
EndProject
Project("{FAE04EC0-301F-11D3-BF4B-00C04F79EFBC}") = "ASC.Tests", "ASC.Tests\ASC.Tests.csproj", "{E654AC52-3847-4A04-AFCC-061195B94284}"
EndProject
Global
	GlobalSection(SolutionConfigurationPlatforms) = preSolution
		Debug|Any CPU = Debug|Any CPU
		Release|Any CPU = Release|Any CPU
	EndGlobalSection
	GlobalSection(ProjectConfigurationPlatforms) = postSolution
		{9A9C3EAE-3F12-422A-B60B-DD81E0F9296C}.Debug|Any CPU.ActiveCfg = Debug|Any CPU
		{9A9C3EAE-3F12-422A-B60B-DD81E0F9296C}.Debug|Any CPU.Build.0 = Debug|Any CPU
		{9A9C3EAE-3F12-422A-B60B-DD81E0F9296C}.Release|Any CPU.ActiveCfg = Release|Any CPU
		{9A9C3EAE-3F12-422A-B60B-DD81E0F9296C}.Release|Any CPU.Build.0 = Release|Any CPU
		{0FA4810B-CD66-4D82-9CF1-C59AF560BF49}.Debug|Any CPU.ActiveCfg = Debug|Any CPU
		{0FA4810B-CD66-4D82-9CF1-C59AF560BF49}.Debug|Any CPU.Build.0 = Debug|Any CPU
		{0FA4810B-CD66-4D82-9CF1-C59AF560BF49}.Release|Any CPU.ActiveCfg = Release|Any CPU
		{0FA4810B-CD66-4D82-9CF1-C59AF560BF49}.Release|Any CPU.Build.0 = Release|Any CPU
		{6E05F0F9-BBEB-4661-B667-26EA514171FE}.Debug|Any CPU.ActiveCfg = Debug|Any CPU
		{6E05F0F9-BBEB-4661-B667-26EA514171FE}.Debug|Any CPU.Build.0 = Debug|Any CPU
		{6E05F0F9-BBEB-4661-B667-26EA514171FE}.Release|Any CPU.ActiveCfg = Release|Any CPU
		{6E05F0F9-BBEB-4661-B667-26EA514171FE}.Release|Any CPU.Build.0 = Release|Any CPU
		{7D5997E1-7181-4009-AD4D-EFD4750374EF}.Debug|Any CPU.ActiveCfg = Debug|Any CPU
		{7D5997E1-7181-4009-AD4D-EFD4750374EF}.Debug|Any CPU.Build.0 = Debug|Any CPU
		{7D5997E1-7181-4009-AD4D-EFD4750374EF}.Release|Any CPU.ActiveCfg = Release|Any CPU
		{7D5997E1-7181-4009-AD4D-EFD4750374EF}.Release|Any CPU.Build.0 = Release|Any CPU
		{828BEB74-77D7-9B4F-A91B-7908F4D7FC99}.Debug|Any CPU.ActiveCfg = Debug|Any CPU
		{828BEB74-77D7-9B4F-A91B-7908F4D7FC99}.Debug|Any CPU.Build.0 = Debug|Any CPU
		{828BEB74-77D7-9B4F-A91B-7908F4D7FC99}.Release|Any CPU.ActiveCfg = Release|Any CPU
		{828BEB74-77D7-9B4F-A91B-7908F4D7FC99}.Release|Any CPU.Build.0 = Release|Any CPU
		{E654AC52-3847-4A04-AFCC-061195B94284}.Debug|Any CPU.ActiveCfg = Debug|Any CPU
		{E654AC52-3847-4A04-AFCC-061195B94284}.Debug|Any CPU.Build.0 = Debug|Any CPU
		{E654AC52-3847-4A04-AFCC-061195B94284}.Release|Any CPU.ActiveCfg = Release|Any CPU
		{E654AC52-3847-4A04-AFCC-061195B94284}.Release|Any CPU.Build.0 = Release|Any CPU
	EndGlobalSection
	GlobalSection(SolutionProperties) = preSolution
		HideSolutionNode = FALSE
	EndGlobalSection
	GlobalSection(ExtensibilityGlobals) = postSolution
		SolutionGuid = {9BAA2DE7-80C5-4A52-8082-1C64B7DB8AA1}
	EndGlobalSection
EndGlobal
